github.com/DAVANO-INNOVATION-LAB/tessera v0.3.0 h1:q7vrffYMGi8BmOiiVUYS8gmoOv3hsPPJioDB0tv9y6A=
github.com/DAVANO-INNOVATION-LAB/tessera v0.3.0/go.mod h1:yBfp9396Jbf8Z+BoeaPDQm/xI8lBzwwMfyztrJ47OjE=
github.com/DAVANO-INNOVATION-LAB/tessera v0.4.1 h1:e0KM+NBYAPgPEPLcKfZdcA8T6HwGnUulw+0XP23f+AE=
github.com/DAVANO-INNOVATION-LAB/tessera v0.4.1/go.mod h1:yBfp9396Jbf8Z+BoeaPDQm/xI8lBzwwMfyztrJ47OjE=
